
Microsoft Visual Studio Solution File, Format Version 12.00
# Visual Studio Version 16
VisualStudioVersion = 16.0.29411.108
MinimumVisualStudioVersion = 10.0.40219.1
Project("{9A19103F-16F7-4668-BE54-9A1E7A4F7556}") = "szedarserver.Api", "szedarserver.Api\szedarserver.Api.csproj", "{37E9FDD3-D99A-4F6A-BF0D-B5334DE5133F}"
EndProject
Project("{FAE04EC0-301F-11D3-BF4B-00C04F79EFBC}") = "szedarserver.Core", "szedarserver.Core\szedarserver.Core.csproj", "{D7D3DC93-5060-4D96-A834-1A992DF16814}"
EndProject
Project("{FAE04EC0-301F-11D3-BF4B-00C04F79EFBC}") = "szedarserver.Infrastructure", "szedarserver.Infrastructure\szedarserver.Infrastructure.csproj", "{8688618A-5923-40D7-AA3E-CEB9B0DD21A1}"
EndProject
Global
	GlobalSection(SolutionConfigurationPlatforms) = preSolution
		Debug|Any CPU = Debug|Any CPU
		Release|Any CPU = Release|Any CPU
	EndGlobalSection
	GlobalSection(ProjectConfigurationPlatforms) = postSolution
		{37E9FDD3-D99A-4F6A-BF0D-B5334DE5133F}.Debug|Any CPU.ActiveCfg = Debug|Any CPU
		{37E9FDD3-D99A-4F6A-BF0D-B5334DE5133F}.Debug|Any CPU.Build.0 = Debug|Any CPU
		{37E9FDD3-D99A-4F6A-BF0D-B5334DE5133F}.Release|Any CPU.ActiveCfg = Release|Any CPU
		{37E9FDD3-D99A-4F6A-BF0D-B5334DE5133F}.Release|Any CPU.Build.0 = Release|Any CPU
		{D7D3DC93-5060-4D96-A834-1A992DF16814}.Debug|Any CPU.ActiveCfg = Debug|Any CPU
		{D7D3DC93-5060-4D96-A834-1A992DF16814}.Debug|Any CPU.Build.0 = Debug|Any CPU
		{D7D3DC93-5060-4D96-A834-1A992DF16814}.Release|Any CPU.ActiveCfg = Release|Any CPU
		{D7D3DC93-5060-4D96-A834-1A992DF16814}.Release|Any CPU.Build.0 = Release|Any CPU
		{8688618A-5923-40D7-AA3E-CEB9B0DD21A1}.Debug|Any CPU.ActiveCfg = Debug|Any CPU
		{8688618A-5923-40D7-AA3E-CEB9B0DD21A1}.Debug|Any CPU.Build.0 = Debug|Any CPU
		{8688618A-5923-40D7-AA3E-CEB9B0DD21A1}.Release|Any CPU.ActiveCfg = Release|Any CPU
		{8688618A-5923-40D7-AA3E-CEB9B0DD21A1}.Release|Any CPU.Build.0 = Release|Any CPU
	EndGlobalSection
	GlobalSection(SolutionProperties) = preSolution
		HideSolutionNode = FALSE
	EndGlobalSection
	GlobalSection(ExtensibilityGlobals) = postSolution
		SolutionGuid = {48AD05AD-E603-44E3-AD87-C839830D2AED}
	EndGlobalSection
EndGlobal
